<?xml version="1.0" encoding="utf-8"?>
<Project ToolsVersion="4.0" xmlns="http://schemas.microsoft.com/developer/msbuild/2003">
  <ItemGroup>
    <Filter Include="Src">
      <UniqueIdentifier>{a6a3a647-3f91-4a8c-9a84-6a722c248444}</UniqueIdentifier>
    </Filter>
    <Filter Include="Vendor">
      <UniqueIdentifier>{45984651-df7d-4a76-ba27-8804509a1c50}</UniqueIdentifier>
    </Filter>
    <Filter Include="Vendor\SFML">
      <UniqueIdentifier>{d3399aa9-c20b-4785-9d06-5142838d6131}</UniqueIdentifier>
    </Filter>
    <Filter Include="Vendor\SFML\Audio">
      <UniqueIdentifier>{c2f716f5-8660-45aa-aebe-8c9033e3b36d}</UniqueIdentifier>
    </Filter>
    <Filter Include="Vendor\SFML\Gfx">
      <UniqueIdentifier>{b4cd61ac-ed22-44f4-8f1e-091390b91f82}</UniqueIdentifier>
    </Filter>
    <Filter Include="Vendor\SFML\System">
      <UniqueIdentifier>{37a5fb78-b0b9-4ec9-8b3a-a7afbf99d605}</UniqueIdentifier>
    </Filter>
    <Filter Include="Vendor\SFML\Window">
      <UniqueIdentifier>{74480722-7840-4cdd-92dd-4703910a2c9e}</UniqueIdentifier>
    </Filter>
    <Filter Include="Src\Core">
      <UniqueIdentifier>{be57fdd7-5ec2-42f6-8334-a5b03d4baf5b}</UniqueIdentifier>
    </Filter>
    <Filter Include="Src\Utility">
      <UniqueIdentifier>{20e981dc-6c65-4370-b666-b652339e27cc}</UniqueIdentifier>
    </Filter>
    <Filter Include="Src\Game">
      <UniqueIdentifier>{76236572-d87e-489b-ab5f-4a33d73ab496}</UniqueIdentifier>
    </Filter>
    <Filter Include="Src\Audio">
      <UniqueIdentifier>{70276518-9b91-41d2-953a-3c3bb6014a69}</UniqueIdentifier>
    </Filter>
    <Filter Include="Src\UI">
      <UniqueIdentifier>{d8a3ab8b-d139-481c-997b-b3b776110712}</UniqueIdentifier>
    </Filter>
    <Filter Include="Src\PCH">
      <UniqueIdentifier>{68a0c9e8-c77b-447d-b6f9-067179f86f58}</UniqueIdentifier>
    </Filter>
  </ItemGroup>
  <ItemGroup>
    <ClInclude Include="vendor\SFML\include\SFML\Audio\AlResource.hpp">
      <Filter>Vendor\SFML\Audio</Filter>
    </ClInclude>
    <ClInclude Include="vendor\SFML\include\SFML\Audio\Export.hpp">
      <Filter>Vendor\SFML\Audio</Filter>
    </ClInclude>
    <ClInclude Include="vendor\SFML\include\SFML\Audio\InputSoundFile.hpp">
      <Filter>Vendor\SFML\Audio</Filter>
    </ClInclude>
    <ClInclude Include="vendor\SFML\include\SFML\Audio\Listener.hpp">
      <Filter>Vendor\SFML\Audio</Filter>
    </ClInclude>
    <ClInclude Include="vendor\SFML\include\SFML\Audio\Music.hpp">
      <Filter>Vendor\SFML\Audio</Filter>
    </ClInclude>
    <ClInclude Include="vendor\SFML\include\SFML\Audio\OutputSoundFile.hpp">
      <Filter>Vendor\SFML\Audio</Filter>
    </ClInclude>
    <ClInclude Include="vendor\SFML\include\SFML\Audio\Sound.hpp">
      <Filter>Vendor\SFML\Audio</Filter>
    </ClInclude>
    <ClInclude Include="vendor\SFML\include\SFML\Audio\SoundBuffer.hpp">
      <Filter>Vendor\SFML\Audio</Filter>
    </ClInclude>
    <ClInclude Include="vendor\SFML\include\SFML\Audio\SoundBufferRecorder.hpp">
      <Filter>Vendor\SFML\Audio</Filter>
    </ClInclude>
    <ClInclude Include="vendor\SFML\include\SFML\Audio\SoundFileFactory.hpp">
      <Filter>Vendor\SFML\Audio</Filter>
    </ClInclude>
    <ClInclude Include="vendor\SFML\include\SFML\Audio\SoundFileReader.hpp">
      <Filter>Vendor\SFML\Audio</Filter>
    </ClInclude>
    <ClInclude Include="vendor\SFML\include\SFML\Audio\SoundFileWriter.hpp">
      <Filter>Vendor\SFML\Audio</Filter>
    </ClInclude>
    <ClInclude Include="vendor\SFML\include\SFML\Audio\SoundRecorder.hpp">
      <Filter>Vendor\SFML\Audio</Filter>
    </ClInclude>
    <ClInclude Include="vendor\SFML\include\SFML\Audio\SoundSource.hpp">
      <Filter>Vendor\SFML\Audio</Filter>
    </ClInclude>
    <ClInclude Include="vendor\SFML\include\SFML\Audio\SoundStream.hpp">
      <Filter>Vendor\SFML\Audio</Filter>
    </ClInclude>
    <ClInclude Include="vendor\SFML\include\SFML\Graphics\BlendMode.hpp">
      <Filter>Vendor\SFML\Gfx</Filter>
    </ClInclude>
    <ClInclude Include="vendor\SFML\include\SFML\Graphics\CircleShape.hpp">
      <Filter>Vendor\SFML\Gfx</Filter>
    </ClInclude>
    <ClInclude Include="vendor\SFML\include\SFML\Graphics\Color.hpp">
      <Filter>Vendor\SFML\Gfx</Filter>
    </ClInclude>
    <ClInclude Include="vendor\SFML\include\SFML\Graphics\ConvexShape.hpp">
      <Filter>Vendor\SFML\Gfx</Filter>
    </ClInclude>
    <ClInclude Include="vendor\SFML\include\SFML\Graphics\Drawable.hpp">
      <Filter>Vendor\SFML\Gfx</Filter>
    </ClInclude>
    <ClInclude Include="vendor\SFML\include\SFML\Graphics\Export.hpp">
      <Filter>Vendor\SFML\Gfx</Filter>
    </ClInclude>
    <ClInclude Include="vendor\SFML\include\SFML\Graphics\Font.hpp">
      <Filter>Vendor\SFML\Gfx</Filter>
    </ClInclude>
    <ClInclude Include="vendor\SFML\include\SFML\Graphics\Glsl.hpp">
      <Filter>Vendor\SFML\Gfx</Filter>
    </ClInclude>
    <ClInclude Include="vendor\SFML\include\SFML\Graphics\Glyph.hpp">
      <Filter>Vendor\SFML\Gfx</Filter>
    </ClInclude>
    <ClInclude Include="vendor\SFML\include\SFML\Graphics\Image.hpp">
      <Filter>Vendor\SFML\Gfx</Filter>
    </ClInclude>
    <ClInclude Include="vendor\SFML\include\SFML\Graphics\PrimitiveType.hpp">
      <Filter>Vendor\SFML\Gfx</Filter>
    </ClInclude>
    <ClInclude Include="vendor\SFML\include\SFML\Graphics\Rect.hpp">
      <Filter>Vendor\SFML\Gfx</Filter>
    </ClInclude>
    <ClInclude Include="vendor\SFML\include\SFML\Graphics\RectangleShape.hpp">
      <Filter>Vendor\SFML\Gfx</Filter>
    </ClInclude>
    <ClInclude Include="vendor\SFML\include\SFML\Graphics\RenderStates.hpp">
      <Filter>Vendor\SFML\Gfx</Filter>
    </ClInclude>
    <ClInclude Include="vendor\SFML\include\SFML\Graphics\RenderTarget.hpp">
      <Filter>Vendor\SFML\Gfx</Filter>
    </ClInclude>
    <ClInclude Include="vendor\SFML\include\SFML\Graphics\RenderTexture.hpp">
      <Filter>Vendor\SFML\Gfx</Filter>
    </ClInclude>
    <ClInclude Include="vendor\SFML\include\SFML\Graphics\RenderWindow.hpp">
      <Filter>Vendor\SFML\Gfx</Filter>
    </ClInclude>
    <ClInclude Include="vendor\SFML\include\SFML\Graphics\Shader.hpp">
      <Filter>Vendor\SFML\Gfx</Filter>
    </ClInclude>
    <ClInclude Include="vendor\SFML\include\SFML\Graphics\Shape.hpp">
      <Filter>Vendor\SFML\Gfx</Filter>
    </ClInclude>
    <ClInclude Include="vendor\SFML\include\SFML\Graphics\Sprite.hpp">
      <Filter>Vendor\SFML\Gfx</Filter>
    </ClInclude>
    <ClInclude Include="vendor\SFML\include\SFML\Graphics\Text.hpp">
      <Filter>Vendor\SFML\Gfx</Filter>
    </ClInclude>
    <ClInclude Include="vendor\SFML\include\SFML\Graphics\Texture.hpp">
      <Filter>Vendor\SFML\Gfx</Filter>
    </ClInclude>
    <ClInclude Include="vendor\SFML\include\SFML\Graphics\Transform.hpp">
      <Filter>Vendor\SFML\Gfx</Filter>
    </ClInclude>
    <ClInclude Include="vendor\SFML\include\SFML\Graphics\Transformable.hpp">
      <Filter>Vendor\SFML\Gfx</Filter>
    </ClInclude>
    <ClInclude Include="vendor\SFML\include\SFML\Graphics\Vertex.hpp">
      <Filter>Vendor\SFML\Gfx</Filter>
    </ClInclude>
    <ClInclude Include="vendor\SFML\include\SFML\Graphics\VertexArray.hpp">
      <Filter>Vendor\SFML\Gfx</Filter>
    </ClInclude>
    <ClInclude Include="vendor\SFML\include\SFML\Graphics\VertexBuffer.hpp">
      <Filter>Vendor\SFML\Gfx</Filter>
    </ClInclude>
    <ClInclude Include="vendor\SFML\include\SFML\Graphics\View.hpp">
      <Filter>Vendor\SFML\Gfx</Filter>
    </ClInclude>
    <ClInclude Include="vendor\SFML\include\SFML\System\Clock.hpp">
      <Filter>Vendor\SFML\System</Filter>
    </ClInclude>
    <ClInclude Include="vendor\SFML\include\SFML\System\Err.hpp">
      <Filter>Vendor\SFML\System</Filter>
    </ClInclude>
    <ClInclude Include="vendor\SFML\include\SFML\System\Export.hpp">
      <Filter>Vendor\SFML\System</Filter>
    </ClInclude>
    <ClInclude Include="vendor\SFML\include\SFML\System\FileInputStream.hpp">
      <Filter>Vendor\SFML\System</Filter>
    </ClInclude>
    <ClInclude Include="vendor\SFML\include\SFML\System\InputStream.hpp">
      <Filter>Vendor\SFML\System</Filter>
    </ClInclude>
    <ClInclude Include="vendor\SFML\include\SFML\System\Lock.hpp">
      <Filter>Vendor\SFML\System</Filter>
    </ClInclude>
    <ClInclude Include="vendor\SFML\include\SFML\System\MemoryInputStream.hpp">
      <Filter>Vendor\SFML\System</Filter>
    </ClInclude>
    <ClInclude Include="vendor\SFML\include\SFML\System\Mutex.hpp">
      <Filter>Vendor\SFML\System</Filter>
    </ClInclude>
    <ClInclude Include="vendor\SFML\include\SFML\System\NativeActivity.hpp">
      <Filter>Vendor\SFML\System</Filter>
    </ClInclude>
    <ClInclude Include="vendor\SFML\include\SFML\System\NonCopyable.hpp">
      <Filter>Vendor\SFML\System</Filter>
    </ClInclude>
    <ClInclude Include="vendor\SFML\include\SFML\System\Sleep.hpp">
      <Filter>Vendor\SFML\System</Filter>
    </ClInclude>
    <ClInclude Include="vendor\SFML\include\SFML\System\String.hpp">
      <Filter>Vendor\SFML\System</Filter>
    </ClInclude>
    <ClInclude Include="vendor\SFML\include\SFML\System\Thread.hpp">
      <Filter>Vendor\SFML\System</Filter>
    </ClInclude>
    <ClInclude Include="vendor\SFML\include\SFML\System\ThreadLocal.hpp">
      <Filter>Vendor\SFML\System</Filter>
    </ClInclude>
    <ClInclude Include="vendor\SFML\include\SFML\System\ThreadLocalPtr.hpp">
      <Filter>Vendor\SFML\System</Filter>
    </ClInclude>
    <ClInclude Include="vendor\SFML\include\SFML\System\Time.hpp">
      <Filter>Vendor\SFML\System</Filter>
    </ClInclude>
    <ClInclude Include="vendor\SFML\include\SFML\System\Utf.hpp">
      <Filter>Vendor\SFML\System</Filter>
    </ClInclude>
    <ClInclude Include="vendor\SFML\include\SFML\System\Vector2.hpp">
      <Filter>Vendor\SFML\System</Filter>
    </ClInclude>
    <ClInclude Include="vendor\SFML\include\SFML\System\Vector3.hpp">
      <Filter>Vendor\SFML\System</Filter>
    </ClInclude>
    <ClInclude Include="vendor\SFML\include\SFML\Window\Clipboard.hpp">
      <Filter>Vendor\SFML\Window</Filter>
    </ClInclude>
    <ClInclude Include="vendor\SFML\include\SFML\Window\Context.hpp">
      <Filter>Vendor\SFML\Window</Filter>
    </ClInclude>
    <ClInclude Include="vendor\SFML\include\SFML\Window\ContextSettings.hpp">
      <Filter>Vendor\SFML\Window</Filter>
    </ClInclude>
    <ClInclude Include="vendor\SFML\include\SFML\Window\Cursor.hpp">
      <Filter>Vendor\SFML\Window</Filter>
    </ClInclude>
    <ClInclude Include="vendor\SFML\include\SFML\Window\Event.hpp">
      <Filter>Vendor\SFML\Window</Filter>
    </ClInclude>
    <ClInclude Include="vendor\SFML\include\SFML\Window\Export.hpp">
      <Filter>Vendor\SFML\Window</Filter>
    </ClInclude>
    <ClInclude Include="vendor\SFML\include\SFML\Window\GlResource.hpp">
      <Filter>Vendor\SFML\Window</Filter>
    </ClInclude>
    <ClInclude Include="vendor\SFML\include\SFML\Window\Joystick.hpp">
      <Filter>Vendor\SFML\Window</Filter>
    </ClInclude>
    <ClInclude Include="vendor\SFML\include\SFML\Window\Keyboard.hpp">
      <Filter>Vendor\SFML\Window</Filter>
    </ClInclude>
    <ClInclude Include="vendor\SFML\include\SFML\Window\Mouse.hpp">
      <Filter>Vendor\SFML\Window</Filter>
    </ClInclude>
    <ClInclude Include="vendor\SFML\include\SFML\Window\Sensor.hpp">
      <Filter>Vendor\SFML\Window</Filter>
    </ClInclude>
    <ClInclude Include="vendor\SFML\include\SFML\Window\Touch.hpp">
      <Filter>Vendor\SFML\Window</Filter>
    </ClInclude>
    <ClInclude Include="vendor\SFML\include\SFML\Window\VideoMode.hpp">
      <Filter>Vendor\SFML\Window</Filter>
    </ClInclude>
    <ClInclude Include="vendor\SFML\include\SFML\Window\Window.hpp">
      <Filter>Vendor\SFML\Window</Filter>
    </ClInclude>
    <ClInclude Include="vendor\SFML\include\SFML\Window\WindowHandle.hpp">
      <Filter>Vendor\SFML\Window</Filter>
    </ClInclude>
    <ClInclude Include="vendor\SFML\include\SFML\Window\WindowStyle.hpp">
      <Filter>Vendor\SFML\Window</Filter>
    </ClInclude>
    <ClInclude Include="vendor\SFML\include\SFML\Audio.hpp">
      <Filter>Vendor\SFML</Filter>
    </ClInclude>
    <ClInclude Include="vendor\SFML\include\SFML\Config.hpp">
      <Filter>Vendor\SFML</Filter>
    </ClInclude>
    <ClInclude Include="vendor\SFML\include\SFML\GpuPreference.hpp">
      <Filter>Vendor\SFML</Filter>
    </ClInclude>
    <ClInclude Include="vendor\SFML\include\SFML\Graphics.hpp">
      <Filter>Vendor\SFML</Filter>
    </ClInclude>
    <ClInclude Include="vendor\SFML\include\SFML\System.hpp">
      <Filter>Vendor\SFML</Filter>
    </ClInclude>
    <ClInclude Include="vendor\SFML\include\SFML\Window.hpp">
      <Filter>Vendor\SFML</Filter>
    </ClInclude>
    <ClInclude Include="src\Utility\FileSystem.h">
      <Filter>Src\Utility</Filter>
    </ClInclude>
    <ClInclude Include="src\Utility\Logger.h">
      <Filter>Src\Utility</Filter>
    </ClInclude>
    <ClInclude Include="src\Utility\Math.h">
      <Filter>Src\Utility</Filter>
    </ClInclude>
    <ClInclude Include="src\Core\Renderer.h">
      <Filter>Src\Core</Filter>
    </ClInclude>
    <ClInclude Include="src\Core\Texture.h">
      <Filter>Src\Core</Filter>
    </ClInclude>
    <ClInclude Include="src\Core\TextureLibrary.h">
      <Filter>Src\Core</Filter>
    </ClInclude>
    <ClInclude Include="src\Core\Window.h">
      <Filter>Src\Core</Filter>
    </ClInclude>
    <ClInclude Include="src\Game\Player.h">
      <Filter>Src\Game</Filter>
    </ClInclude>
    <ClInclude Include="src\Game\PlayerController.h">
      <Filter>Src\Game</Filter>
    </ClInclude>
    <ClInclude Include="src\Game\TextureAtlas.h">
      <Filter>Src\Game</Filter>
    </ClInclude>
    <ClInclude Include="src\Core\Sprite.h">
      <Filter>Src\Core</Filter>
    </ClInclude>
    <ClInclude Include="src\Game\Entity.h">
      <Filter>Src\Game</Filter>
    </ClInclude>
    <ClInclude Include="src\Game\Coin.h">
      <Filter>Src\Game</Filter>
    </ClInclude>
    <ClInclude Include="src\Core\SpriteAnimation.h">
      <Filter>Src\Core</Filter>
    </ClInclude>
    <ClInclude Include="src\Game\Level.h">
      <Filter>Src\Game</Filter>
    </ClInclude>
    <ClInclude Include="src\Game\Maze.h">
      <Filter>Src\Game</Filter>
    </ClInclude>
    <ClInclude Include="src\Game\AnimationManager.h">
      <Filter>Src\Game</Filter>
    </ClInclude>
    <ClInclude Include="src\Game\Tile.h">
      <Filter>Src\Game</Filter>
    </ClInclude>
    <ClInclude Include="src\Game\Slimes.h">
      <Filter>Src\Game</Filter>
    </ClInclude>
    <ClInclude Include="src\Audio\AudioManager.h">
      <Filter>Src\Audio</Filter>
    </ClInclude>
    <ClInclude Include="src\UI\TextManager.h">
      <Filter>Src\UI</Filter>
    </ClInclude>
    <ClInclude Include="src\Utility\EventBus.h">
      <Filter>Src\Utility</Filter>
    </ClInclude>
    <ClInclude Include="src\UI\TextComponent.h">
      <Filter>Src\UI</Filter>
    </ClInclude>
    <ClInclude Include="src\Game\Pathfinder.h">
      <Filter>Src\Game</Filter>
    </ClInclude>
    <ClInclude Include="src\UI\UI.h">
      <Filter>Src\UI</Filter>
    </ClInclude>
    <ClInclude Include="src\Utility\RandomGenerator.h">
      <Filter>Src\Utility</Filter>
    </ClInclude>
    <ClInclude Include="src\PCH\pch.h">
      <Filter>Src\PCH</Filter>
    </ClInclude>
    <ClInclude Include="src\Core\App.h">
      <Filter>Src\Core</Filter>
    </ClInclude>
    <ClInclude Include="src\Core\Keyboard.h">
      <Filter>Src\Core</Filter>
    </ClInclude>
    <ClInclude Include="src\Utility\Timer.h">
      <Filter>Src\Utility</Filter>
    </ClInclude>
  </ItemGroup>
  <ItemGroup>
    <None Include="vendor\SFML\include\SFML\Audio\SoundFileFactory.inl">
      <Filter>Vendor\SFML\Audio</Filter>
    </None>
    <None Include="vendor\SFML\include\SFML\Graphics\Glsl.inl">
      <Filter>Vendor\SFML\Gfx</Filter>
    </None>
    <None Include="vendor\SFML\include\SFML\Graphics\Rect.inl">
      <Filter>Vendor\SFML\Gfx</Filter>
    </None>
    <None Include="vendor\SFML\include\SFML\System\String.inl">
      <Filter>Vendor\SFML\System</Filter>
    </None>
    <None Include="vendor\SFML\include\SFML\System\Thread.inl">
      <Filter>Vendor\SFML\System</Filter>
    </None>
    <None Include="vendor\SFML\include\SFML\System\ThreadLocalPtr.inl">
      <Filter>Vendor\SFML\System</Filter>
    </None>
    <None Include="vendor\SFML\include\SFML\System\Utf.inl">
      <Filter>Vendor\SFML\System</Filter>
    </None>
    <None Include="vendor\SFML\include\SFML\System\Vector2.inl">
      <Filter>Vendor\SFML\System</Filter>
    </None>
    <None Include="vendor\SFML\include\SFML\System\Vector3.inl">
      <Filter>Vendor\SFML\System</Filter>
    </None>
  </ItemGroup>
  <ItemGroup>
    <ClCompile Include="src\Utility\FileSystem.cpp">
      <Filter>Src\Utility</Filter>
    </ClCompile>
    <ClCompile Include="src\Core\Renderer.cpp">
      <Filter>Src\Core</Filter>
    </ClCompile>
    <ClCompile Include="src\Core\Texture.cpp">
      <Filter>Src\Core</Filter>
    </ClCompile>
    <ClCompile Include="src\Core\TextureLibrary.cpp">
      <Filter>Src\Core</Filter>
    </ClCompile>
    <ClCompile Include="src\Core\Window.cpp">
      <Filter>Src\Core</Filter>
    </ClCompile>
    <ClCompile Include="src\Game\Player.cpp">
      <Filter>Src\Game</Filter>
    </ClCompile>
    <ClCompile Include="src\Pacman.cpp">
      <Filter>Src</Filter>
    </ClCompile>
    <ClCompile Include="src\Game\PlayerController.cpp">
      <Filter>Src\Game</Filter>
    </ClCompile>
    <ClCompile Include="src\Game\TextureAtlas.cpp">
      <Filter>Src\Game</Filter>
    </ClCompile>
    <ClCompile Include="src\Core\Sprite.cpp">
      <Filter>Src\Core</Filter>
    </ClCompile>
    <ClCompile Include="src\Core\SpriteAnimation.cpp">
      <Filter>Src\Core</Filter>
    </ClCompile>
    <ClCompile Include="src\Game\Level.cpp">
      <Filter>Src\Game</Filter>
    </ClCompile>
    <ClCompile Include="src\Game\Maze.cpp">
      <Filter>Src\Game</Filter>
    </ClCompile>
    <ClCompile Include="src\Game\AnimationManager.cpp">
      <Filter>Src\Game</Filter>
    </ClCompile>
    <ClCompile Include="src\Game\Entity.cpp">
      <Filter>Src\Game</Filter>
    </ClCompile>
    <ClCompile Include="src\Utility\Math.cpp">
      <Filter>Src\Utility</Filter>
    </ClCompile>
    <ClCompile Include="src\Game\Coin.cpp">
      <Filter>Src\Game</Filter>
    </ClCompile>
    <ClCompile Include="src\Game\Tile.cpp">
      <Filter>Src\Game</Filter>
    </ClCompile>
    <ClCompile Include="src\Game\Slimes.cpp">
      <Filter>Src\Game</Filter>
    </ClCompile>
    <ClCompile Include="src\Audio\AudioManager.cpp">
      <Filter>Src\Audio</Filter>
    </ClCompile>
    <ClCompile Include="src\UI\TextManager.cpp">
      <Filter>Src\UI</Filter>
    </ClCompile>
    <ClCompile Include="src\UI\TextComponent.cpp">
      <Filter>Src\UI</Filter>
    </ClCompile>
    <ClCompile Include="src\Game\Pathfinder.cpp">
      <Filter>Src\Game</Filter>
    </ClCompile>
    <ClCompile Include="src\UI\UI.cpp">
      <Filter>Src\UI</Filter>
    </ClCompile>
    <ClCompile Include="src\Utility\RandomGenerator.cpp">
      <Filter>Src\Utility</Filter>
    </ClCompile>
    <ClCompile Include="src\PCH\pch.cpp">
      <Filter>Src\PCH</Filter>
    </ClCompile>
    <ClCompile Include="src\Core\App.cpp">
      <Filter>Src\Core</Filter>
    </ClCompile>
    <ClCompile Include="src\Core\Keyboard.cpp">
      <Filter>Src\Core</Filter>
    </ClCompile>
    <ClCompile Include="src\Utility\Timer.cpp">
      <Filter>Src\Utility</Filter>
    </ClCompile>
  </ItemGroup>
</Project>